# THIS IS AN AUTOGENERATED FILE. DO NOT EDIT THIS FILE DIRECTLY.
# yarn lockfile v1


js2xmlparser@^3.0.0:
  version "3.0.0"
  resolved "https://registry.yarnpkg.com/js2xmlparser/-/js2xmlparser-3.0.0.tgz#3fb60eaa089c5440f9319f51760ccd07e2499733"
  dependencies:
    xmlcreate "^1.0.1"

lodash@^4.17.4:
  version "4.17.4"
  resolved "https://registry.yarnpkg.com/lodash/-/lodash-4.17.4.tgz#78203a4d1c328ae1d86dca6460e369b57f4055ae"

merge-descriptors@^1.0.1:
  version "1.0.1"
  resolved "https://registry.yarnpkg.com/merge-descriptors/-/merge-descriptors-1.0.1.tgz#b00aaa556dd8b44568150ec9d1b953f3f90cbb61"

methods@^1.1.2:
  version "1.1.2"
  resolved "https://registry.yarnpkg.com/methods/-/methods-1.1.2.tgz#5529a4d67654134edcc5266656835b0f851afcee"

sax@>=0.6.0, sax@^1.2.1:
  version "1.2.4"
  resolved "https://registry.yarnpkg.com/sax/-/sax-1.2.4.tgz#2816234e2378bddc4e5354fab5caa895df7100d9"

xml2js-parser@^1.1.1:
  version "1.1.1"
  resolved "https://registry.yarnpkg.com/xml2js-parser/-/xml2js-parser-1.1.1.tgz#90dc39f9d84d036ae10f41e6e766a91550444d44"
  dependencies:
    sax "^1.2.1"

xml2js@^0.4.19:
  version "0.4.19"
  resolved "https://registry.yarnpkg.com/xml2js/-/xml2js-0.4.19.tgz#686c20f213209e94abf0d1bcf1efaa291c7827a7"
  dependencies:
    sax ">=0.6.0"
    xmlbuilder "~9.0.1"

xmlbuilder@~9.0.1:
  version "9.0.4"
  resolved "https://registry.yarnpkg.com/xmlbuilder/-/xmlbuilder-9.0.4.tgz#519cb4ca686d005a8420d3496f3f0caeecca580f"

xmlcreate@^1.0.1:
  version "1.0.2"
  resolved "https://registry.yarnpkg.com/xmlcreate/-/xmlcreate-1.0.2.tgz#fa6bf762a60a413fb3dd8f4b03c5b269238d308f"
